
Microsoft Visual Studio Solution File, Format Version 12.00
# Visual Studio Version 16
VisualStudioVersion = 16.0.32106.194
MinimumVisualStudioVersion = 10.0.40219.1
Project("{FAE04EC0-301F-11D3-BF4B-00C04F79EFBC}") = "ObjectsAreFun", "ObjectsAreFun\ObjectsAreFun.csproj", "{5A9640D2-7E73-4346-ACD7-43DA9D9DD83B}"
EndProject
Global
	GlobalSection(SolutionConfigurationPlatforms) = preSolution
		Debug|Any CPU = Debug|Any CPU
		Release|Any CPU = Release|Any CPU
	EndGlobalSection
	GlobalSection(ProjectConfigurationPlatforms) = postSolution
		{5A9640D2-7E73-4346-ACD7-43DA9D9DD83B}.Debug|Any CPU.ActiveCfg = Debug|Any CPU
		{5A9640D2-7E73-4346-ACD7-43DA9D9DD83B}.Debug|Any CPU.Build.0 = Debug|Any CPU
		{5A9640D2-7E73-4346-ACD7-43DA9D9DD83B}.Release|Any CPU.ActiveCfg = Release|Any CPU
		{5A9640D2-7E73-4346-ACD7-43DA9D9DD83B}.Release|Any CPU.Build.0 = Release|Any CPU
	EndGlobalSection
	GlobalSection(SolutionProperties) = preSolution
		HideSolutionNode = FALSE
	EndGlobalSection
	GlobalSection(ExtensibilityGlobals) = postSolution
		SolutionGuid = {5ACBC395-4484-45ED-98B4-677CBBEEFEAB}
	EndGlobalSection
EndGlobal
